
Microsoft Visual Studio Solution File, Format Version 12.00
# Visual Studio Version 17
VisualStudioVersion = 17.14.36616.10 d17.14
MinimumVisualStudioVersion = 10.0.40219.1
Project("{FAE04EC0-301F-11D3-BF4B-00C04F79EFBC}") = "GSS", "GSS.csproj", "{DD429799-E644-4F09-AE35-D3FD3BBEA1A7}"
EndProject
Global
	GlobalSection(SolutionConfigurationPlatforms) = preSolution
		Debug|Any CPU = Debug|Any CPU
		Release|Any CPU = Release|Any CPU
	EndGlobalSection
	GlobalSection(ProjectConfigurationPlatforms) = postSolution
		{DD429799-E644-4F09-AE35-D3FD3BBEA1A7}.Debug|Any CPU.ActiveCfg = Debug|Any CPU
		{DD429799-E644-4F09-AE35-D3FD3BBEA1A7}.Debug|Any CPU.Build.0 = Debug|Any CPU
		{DD429799-E644-4F09-AE35-D3FD3BBEA1A7}.Release|Any CPU.ActiveCfg = Release|Any CPU
		{DD429799-E644-4F09-AE35-D3FD3BBEA1A7}.Release|Any CPU.Build.0 = Release|Any CPU
	EndGlobalSection
	GlobalSection(SolutionProperties) = preSolution
		HideSolutionNode = FALSE
	EndGlobalSection
	GlobalSection(ExtensibilityGlobals) = postSolution
		SolutionGuid = {FFB57AC8-5A26-45FB-997B-3CC22EF92DD4}
	EndGlobalSection
EndGlobal
